{
  "name": "@ngzard/ui",
  "version": "1.0.0-beta.31",
  "lockfileVersion": 3,
  "requires": true,
  "packages": {
    "": {
      "name": "@ngzard/ui",
      "version": "1.0.0-beta.31",
      "peerDependencies": {
        "@angular/aria": "^21.0.0",
        "@angular/cdk": "^21.0.0",
        "@angular/common": "^21.0.0",
        "@angular/core": "^21.0.0",
        "@angular/forms": "^21.0.0",
        "@angular/platform-browser": "^21.0.0",
        "@angular/router": "^21.0.0",
        "class-variance-authority": "^0.7.1",
        "clsx": "^2.1.1",
        "embla-carousel": "^8.6.0",
        "embla-carousel-angular": "^21.0.0",
        "embla-carousel-autoplay": "^8.6.0",
        "embla-carousel-class-names": "^8.6.0",
        "embla-carousel-wheel-gestures": "^8.1.0",
        "lucide-angular": "^0.562.0",
        "ngx-sonner": "^3.1.0",
        "rxjs": "^7.8.2",
        "tailwind-merge": "^3.4.0"
      }
    },
    "node_modules/@angular/aria": {
      "version": "21.0.6",
      "resolved": "https://registry.npmjs.org/@angular/aria/-/aria-21.0.6.tgz",
      "integrity": "sha512-yEo0wOK7g9wu4/7kWxHqwNKI2AdwDHDzTNnios8G8TA6oOyhFEbzcUC4ma5egD5WMeR79Ha+ScVSeDDdq+jF3A==",
      "license": "MIT",
      "dependencies": {
        "tslib": "^2.3.0"
      },
      "peerDependencies": {
        "@angular/cdk": "21.0.6",
        "@angular/core": "^21.0.0 || ^22.0.0"
      }
    },
    "node_modules/@angular/cdk": {
      "version": "21.0.6",
      "resolved": "https://registry.npmjs.org/@angular/cdk/-/cdk-21.0.6.tgz",
      "integrity": "sha512-5Gw8mXtKXvcvDMWEciPLRYB6Ja5vsikLAidZsdCEIF6Bc51GmoqT5Tk/Ke+ciCd5Hq9Aco/IcHxT1RC3470lZg==",
      "license": "MIT",
      "peer": true,
      "dependencies": {
        "parse5": "^8.0.0",
        "tslib": "^2.3.0"
      },
      "peerDependencies": {
        "@angular/common": "^21.0.0 || ^22.0.0",
        "@angular/core": "^21.0.0 || ^22.0.0",
        "rxjs": "^6.5.3 || ^7.4.0"
      }
    },
    "node_modules/@angular/common": {
      "version": "21.0.8",
      "resolved": "https://registry.npmjs.org/@angular/common/-/common-21.0.8.tgz",
      "integrity": "sha512-on1B4oc/pf7IlkbG08Et/cCDSX8dpZz9iwp3zMFN/0JvorspyL5YOovFJfjdpmjdlrIi+ToGImwyIkY9P8Mblw==",
      "license": "MIT",
      "peer": true,
      "dependencies": {
        "tslib": "^2.3.0"
      },
      "engines": {
        "node": "^20.19.0 || ^22.12.0 || >=24.0.0"
      },
      "peerDependencies": {
        "@angular/core": "21.0.8",
        "rxjs": "^6.5.3 || ^7.4.0"
      }
    },
    "node_modules/@angular/core": {
      "version": "21.0.8",
      "resolved": "https://registry.npmjs.org/@angular/core/-/core-21.0.8.tgz",
      "integrity": "sha512-8dNolIQn8WHrD3PsqGuPrujxDX5hjpMbioifIByjjX9yaJy9on7AewVGb8m/DHVwWQ1eGVAGmvW9wt+h+nlzLg==",
      "license": "MIT",
      "peer": true,
      "dependencies": {
        "tslib": "^2.3.0"
      },
      "engines": {
        "node": "^20.19.0 || ^22.12.0 || >=24.0.0"
      },
      "peerDependencies": {
        "@angular/compiler": "21.0.8",
        "rxjs": "^6.5.3 || ^7.4.0",
        "zone.js": "~0.15.0 || ~0.16.0"
      },
      "peerDependenciesMeta": {
        "@angular/compiler": {
          "optional": true
        },
        "zone.js": {
          "optional": true
        }
      }
    },
    "node_modules/@angular/forms": {
      "version": "21.0.8",
      "resolved": "https://registry.npmjs.org/@angular/forms/-/forms-21.0.8.tgz",
      "integrity": "sha512-H03A50elawXO53xkz0Aytar5kYT14GLeaj6dLKc1kcR5NqvX9Y/R7z3bY52tvypAdIR8CmPT7ad07TlT4O9lkg==",
      "license": "MIT",
      "peer": true,
      "dependencies": {
        "@standard-schema/spec": "^1.0.0",
        "tslib": "^2.3.0"
      },
      "engines": {
        "node": "^20.19.0 || ^22.12.0 || >=24.0.0"
      },
      "peerDependencies": {
        "@angular/common": "21.0.8",
        "@angular/core": "21.0.8",
        "@angular/platform-browser": "21.0.8",
        "rxjs": "^6.5.3 || ^7.4.0"
      }
    },
    "node_modules/@angular/platform-browser": {
      "version": "21.0.8",
      "resolved": "https://registry.npmjs.org/@angular/platform-browser/-/platform-browser-21.0.8.tgz",
      "integrity": "sha512-5rPyrP6n6ClO0ZEUXndS2/Xb7nZrbjjYWOxgfCb+ZTCiU7eyN6zhSmicKk2dLQxE1M15wbTa87dN6/Ytuq2uvg==",
      "license": "MIT",
      "peer": true,
      "dependencies": {
        "tslib": "^2.3.0"
      },
      "engines": {
        "node": "^20.19.0 || ^22.12.0 || >=24.0.0"
      },
      "peerDependencies": {
        "@angular/animations": "21.0.8",
        "@angular/common": "21.0.8",
        "@angular/core": "21.0.8"
      },
      "peerDependenciesMeta": {
        "@angular/animations": {
          "optional": true
        }
      }
    },
    "node_modules/@angular/router": {
      "version": "21.0.8",
      "resolved": "https://registry.npmjs.org/@angular/router/-/router-21.0.8.tgz",
      "integrity": "sha512-LPR65wyWBSyR46fGeQtD92+TM635o0lh+N5k9qPZdMacogwViTrtBHWPfKYBtBUXLWEWXXKJfSbXvhh3w3uLxw==",
      "license": "MIT",
      "peer": true,
      "dependencies": {
        "tslib": "^2.3.0"
      },
      "engines": {
        "node": "^20.19.0 || ^22.12.0 || >=24.0.0"
      },
      "peerDependencies": {
        "@angular/common": "21.0.8",
        "@angular/core": "21.0.8",
        "@angular/platform-browser": "21.0.8",
        "rxjs": "^6.5.3 || ^7.4.0"
      }
    },
    "node_modules/@standard-schema/spec": {
      "version": "1.1.0",
      "resolved": "https://registry.npmjs.org/@standard-schema/spec/-/spec-1.1.0.tgz",
      "integrity": "sha512-l2aFy5jALhniG5HgqrD6jXLi/rUWrKvqN/qJx6yoJsgKhblVd+iqqU4RCXavm/jPityDo5TCvKMnpjKnOriy0w==",
      "license": "MIT",
      "peer": true
    },
    "node_modules/class-variance-authority": {
      "version": "0.7.1",
      "resolved": "https://registry.npmjs.org/class-variance-authority/-/class-variance-authority-0.7.1.tgz",
      "integrity": "sha512-Ka+9Trutv7G8M6WT6SeiRWz792K5qEqIGEGzXKhAE6xOWAY6pPH8U+9IY3oCMv6kqTmLsv7Xh/2w2RigkePMsg==",
      "peer": true,
      "dependencies": {
        "clsx": "^2.1.1"
      },
      "funding": {
        "url": "https://polar.sh/cva"
      }
    },
    "node_modules/clsx": {
      "version": "2.1.1",
      "resolved": "https://registry.npmjs.org/clsx/-/clsx-2.1.1.tgz",
      "integrity": "sha512-eYm0QWBtUrBWZWG0d386OGAw16Z995PiOVo2B7bjWSbHedGl5e0ZWaq65kOGgUSNesEIDkB9ISbTg/JK9dhCZA==",
      "peer": true,
      "engines": {
        "node": ">=6"
      }
    },
    "node_modules/embla-carousel": {
      "version": "8.6.0",
      "resolved": "https://registry.npmjs.org/embla-carousel/-/embla-carousel-8.6.0.tgz",
      "integrity": "sha512-SjWyZBHJPbqxHOzckOfo8lHisEaJWmwd23XppYFYVh10bU66/Pn5tkVkbkCMZVdbUE5eTCI2nD8OyIP4Z+uwkA==",
      "license": "MIT",
      "peer": true
    },
    "node_modules/embla-carousel-angular": {
      "version": "21.0.0",
      "resolved": "https://registry.npmjs.org/embla-carousel-angular/-/embla-carousel-angular-21.0.0.tgz",
      "integrity": "sha512-gFt2m2TK8U4sVs5oSY3tZh0JX1mfz4A2Y0TTMqrmfAeSjnRM6S9C4N0k8wPK+xdVwfWjqhCseffthtJQJVwPVA==",
      "license": "MIT",
      "peer": true,
      "dependencies": {
        "embla-carousel": "^8.6.0",
        "embla-carousel-reactive-utils": "^8.6.0",
        "tslib": "^2.3.0"
      },
      "peerDependencies": {
        "@angular/common": ">=21.0.0",
        "@angular/core": ">=21.0.0"
      }
    },
    "node_modules/embla-carousel-autoplay": {
      "version": "8.6.0",
      "resolved": "https://registry.npmjs.org/embla-carousel-autoplay/-/embla-carousel-autoplay-8.6.0.tgz",
      "integrity": "sha512-OBu5G3nwaSXkZCo1A6LTaFMZ8EpkYbwIaH+bPqdBnDGQ2fh4+NbzjXjs2SktoPNKCtflfVMc75njaDHOYXcrsA==",
      "license": "MIT",
      "peer": true,
      "peerDependencies": {
        "embla-carousel": "8.6.0"
      }
    },
    "node_modules/embla-carousel-class-names": {
      "version": "8.6.0",
      "resolved": "https://registry.npmjs.org/embla-carousel-class-names/-/embla-carousel-class-names-8.6.0.tgz",
      "integrity": "sha512-l1hm1+7GxQ+zwdU2sea/LhD946on7XO2qk3Xq2XWSwBaWfdgchXdK567yzLtYSHn4sWYdiX+x4nnaj+saKnJkw==",
      "license": "MIT",
      "peer": true,
      "peerDependencies": {
        "embla-carousel": "8.6.0"
      }
    },
    "node_modules/embla-carousel-reactive-utils": {
      "version": "8.6.0",
      "resolved": "https://registry.npmjs.org/embla-carousel-reactive-utils/-/embla-carousel-reactive-utils-8.6.0.tgz",
      "integrity": "sha512-fMVUDUEx0/uIEDM0Mz3dHznDhfX+znCCDCeIophYb1QGVM7YThSWX+wz11zlYwWFOr74b4QLGg0hrGPJeG2s4A==",
      "license": "MIT",
      "peer": true,
      "peerDependencies": {
        "embla-carousel": "8.6.0"
      }
    },
    "node_modules/embla-carousel-wheel-gestures": {
      "version": "8.1.0",
      "resolved": "https://registry.npmjs.org/embla-carousel-wheel-gestures/-/embla-carousel-wheel-gestures-8.1.0.tgz",
      "integrity": "sha512-J68jkYrxbWDmXOm2n2YHl+uMEXzkGSKjWmjaEgL9xVvPb3HqVmg6rJSKfI3sqIDVvm7mkeTy87wtG/5263XqHQ==",
      "license": "MIT",
      "peer": true,
      "dependencies": {
        "wheel-gestures": "^2.2.5"
      },
      "engines": {
        "node": ">=10"
      },
      "peerDependencies": {
        "embla-carousel": "^8.0.0 || ~8.0.0-rc03"
      }
    },
    "node_modules/entities": {
      "version": "6.0.1",
      "resolved": "https://registry.npmjs.org/entities/-/entities-6.0.1.tgz",
      "integrity": "sha512-aN97NXWF6AWBTahfVOIrB/NShkzi5H7F9r1s9mD3cDj4Ko5f2qhhVoYMibXF7GlLveb/D2ioWay8lxI97Ven3g==",
      "license": "BSD-2-Clause",
      "peer": true,
      "engines": {
        "node": ">=0.12"
      },
      "funding": {
        "url": "https://github.com/fb55/entities?sponsor=1"
      }
    },
    "node_modules/lucide-angular": {
      "version": "0.562.0",
      "resolved": "https://registry.npmjs.org/lucide-angular/-/lucide-angular-0.562.0.tgz",
      "integrity": "sha512-nMt4Mq7lkB6ZF5+C3EszsaYZeB6jkxiIlzo0xnS4t6dnxa3cFumcJNYE/Vx950o7owxBhg/LybdfRxGHDsMA3w==",
      "license": "ISC",
      "peer": true,
      "dependencies": {
        "tslib": "^2.3.0"
      },
      "peerDependencies": {
        "@angular/common": "13.x - 21.x",
        "@angular/core": "13.x - 21.x"
      }
    },
    "node_modules/ngx-sonner": {
      "version": "3.1.0",
      "resolved": "https://registry.npmjs.org/ngx-sonner/-/ngx-sonner-3.1.0.tgz",
      "integrity": "sha512-hN5GolhBeVs0gzPNZi2VPnbv/sM+3+aMGCvIjH33MC8LHz+QIiOUWGw3AbnCH/hQxy08AGwkWHVYy1acvXByQQ==",
      "license": "MIT",
      "peer": true,
      "dependencies": {
        "tslib": "^2.3.0"
      },
      "peerDependencies": {
        "@angular/common": ">=19.0.0",
        "@angular/core": ">=19.0.0"
      }
    },
    "node_modules/parse5": {
      "version": "8.0.0",
      "resolved": "https://registry.npmjs.org/parse5/-/parse5-8.0.0.tgz",
      "integrity": "sha512-9m4m5GSgXjL4AjumKzq1Fgfp3Z8rsvjRNbnkVwfu2ImRqE5D0LnY2QfDen18FSY9C573YU5XxSapdHZTZ2WolA==",
      "license": "MIT",
      "peer": true,
      "dependencies": {
        "entities": "^6.0.0"
      },
      "funding": {
        "url": "https://github.com/inikulin/parse5?sponsor=1"
      }
    },
    "node_modules/rxjs": {
      "version": "7.8.2",
      "resolved": "https://registry.npmjs.org/rxjs/-/rxjs-7.8.2.tgz",
      "integrity": "sha512-dhKf903U/PQZY6boNNtAGdWbG85WAbjT/1xYoZIC7FAY0yWapOBQVsVrDl58W86//e1VpMNBtRV4MaXfdMySFA==",
      "peer": true,
      "dependencies": {
        "tslib": "^2.1.0"
      }
    },
    "node_modules/tailwind-merge": {
      "version": "3.4.0",
      "resolved": "https://registry.npmjs.org/tailwind-merge/-/tailwind-merge-3.4.0.tgz",
      "integrity": "sha512-uSaO4gnW+b3Y2aWoWfFpX62vn2sR3skfhbjsEnaBI81WD1wBLlHZe5sWf0AqjksNdYTbGBEd0UasQMT3SNV15g==",
      "license": "MIT",
      "peer": true,
      "funding": {
        "type": "github",
        "url": "https://github.com/sponsors/dcastil"
      }
    },
    "node_modules/tslib": {
      "version": "2.8.1",
      "resolved": "https://registry.npmjs.org/tslib/-/tslib-2.8.1.tgz",
      "integrity": "sha512-oJFu94HQb+KVduSUQL7wnpmqnfmLsOA/nAh6b6EH0wCEoK0/mPeXU6c3wKDV83MkOuHPRHtSXKKU99IBazS/2w=="
    },
    "node_modules/wheel-gestures": {
      "version": "2.2.48",
      "resolved": "https://registry.npmjs.org/wheel-gestures/-/wheel-gestures-2.2.48.tgz",
      "integrity": "sha512-f+Gy33Oa5Z14XY9679Zze+7VFhbsQfBFXodnU2x589l4kxGM9L5Y8zETTmcMR5pWOPQyRv4Z0lNax6xCO0NSlA==",
      "license": "MIT",
      "peer": true,
      "engines": {
        "node": ">=18"
      }
    },
    "node_modules/zone.js": {
      "version": "0.15.0",
      "resolved": "https://registry.npmjs.org/zone.js/-/zone.js-0.15.0.tgz",
      "integrity": "sha512-9oxn0IIjbCZkJ67L+LkhYWRyAy7axphb3VgE2MBDlOqnmHMPWGYMxJxBYFueFq/JGY2GMwS0rU+UCLunEmy5UA==",
      "optional": true,
      "peer": true
    }
  }
}
